
Microsoft Visual Studio Solution File, Format Version 12.00
Project("{FAE04EC0-301F-11D3-BF4B-00C04F79EFBC}") = "ZTask", "ZTask\ZTask.csproj", "{9A64F3C7-D15D-4530-B353-ACC02119A99A}"
EndProject
Global
	GlobalSection(SolutionConfigurationPlatforms) = preSolution
		Debug|Any CPU = Debug|Any CPU
		Release|Any CPU = Release|Any CPU
	EndGlobalSection
	GlobalSection(ProjectConfigurationPlatforms) = postSolution
		{9A64F3C7-D15D-4530-B353-ACC02119A99A}.Debug|Any CPU.ActiveCfg = Debug|Any CPU
		{9A64F3C7-D15D-4530-B353-ACC02119A99A}.Debug|Any CPU.Build.0 = Debug|Any CPU
		{9A64F3C7-D15D-4530-B353-ACC02119A99A}.Release|Any CPU.ActiveCfg = Release|Any CPU
		{9A64F3C7-D15D-4530-B353-ACC02119A99A}.Release|Any CPU.Build.0 = Release|Any CPU
	EndGlobalSection
EndGlobal
